
Microsoft Visual Studio Solution File, Format Version 12.00
# Visual Studio Version 17
VisualStudioVersion = 17.2.32519.379
MinimumVisualStudioVersion = 10.0.40219.1
Project("{FAE04EC0-301F-11D3-BF4B-00C04F79EFBC}") = "GoodImouto", "GoodImouto\GoodImouto.csproj", "{03D7F1AD-C6C5-4F32-AFC6-453855DEA855}"
EndProject
Global
	GlobalSection(SolutionConfigurationPlatforms) = preSolution
		Debug|Any CPU = Debug|Any CPU
		Release|Any CPU = Release|Any CPU
	EndGlobalSection
	GlobalSection(ProjectConfigurationPlatforms) = postSolution
		{03D7F1AD-C6C5-4F32-AFC6-453855DEA855}.Debug|Any CPU.ActiveCfg = Debug|Any CPU
		{03D7F1AD-C6C5-4F32-AFC6-453855DEA855}.Debug|Any CPU.Build.0 = Debug|Any CPU
		{03D7F1AD-C6C5-4F32-AFC6-453855DEA855}.Release|Any CPU.ActiveCfg = Release|Any CPU
		{03D7F1AD-C6C5-4F32-AFC6-453855DEA855}.Release|Any CPU.Build.0 = Release|Any CPU
	EndGlobalSection
	GlobalSection(SolutionProperties) = preSolution
		HideSolutionNode = FALSE
	EndGlobalSection
	GlobalSection(ExtensibilityGlobals) = postSolution
		SolutionGuid = {282BD63B-6259-4E0C-BC34-E42AD2843DF6}
	EndGlobalSection
EndGlobal
